
Microsoft Visual Studio Solution File, Format Version 12.00
# Visual Studio Version 17
VisualStudioVersion = 17.9.34701.34
MinimumVisualStudioVersion = 10.0.40219.1
Project("{9A19103F-16F7-4668-BE54-9A1E7A4F7556}") = "ismerkedes", "ismerkedes.csproj", "{5D869156-3B28-44A5-AF67-B74D2113BC09}"
EndProject
Project("{FAE04EC0-301F-11D3-BF4B-00C04F79EFBC}") = "BlazorWebAssembly_proj_1", "..\BlazorWebAssembly_proj_1\BlazorWebAssembly_proj_1.csproj", "{79A50C5B-D108-4331-A051-4B2959FEF09F}"
EndProject
Global
	GlobalSection(SolutionConfigurationPlatforms) = preSolution
		Debug|Any CPU = Debug|Any CPU
		Release|Any CPU = Release|Any CPU
	EndGlobalSection
	GlobalSection(ProjectConfigurationPlatforms) = postSolution
		{5D869156-3B28-44A5-AF67-B74D2113BC09}.Debug|Any CPU.ActiveCfg = Debug|Any CPU
		{5D869156-3B28-44A5-AF67-B74D2113BC09}.Debug|Any CPU.Build.0 = Debug|Any CPU
		{5D869156-3B28-44A5-AF67-B74D2113BC09}.Release|Any CPU.ActiveCfg = Release|Any CPU
		{5D869156-3B28-44A5-AF67-B74D2113BC09}.Release|Any CPU.Build.0 = Release|Any CPU
		{79A50C5B-D108-4331-A051-4B2959FEF09F}.Debug|Any CPU.ActiveCfg = Debug|Any CPU
		{79A50C5B-D108-4331-A051-4B2959FEF09F}.Debug|Any CPU.Build.0 = Debug|Any CPU
		{79A50C5B-D108-4331-A051-4B2959FEF09F}.Release|Any CPU.ActiveCfg = Release|Any CPU
		{79A50C5B-D108-4331-A051-4B2959FEF09F}.Release|Any CPU.Build.0 = Release|Any CPU
	EndGlobalSection
	GlobalSection(SolutionProperties) = preSolution
		HideSolutionNode = FALSE
	EndGlobalSection
	GlobalSection(ExtensibilityGlobals) = postSolution
		SolutionGuid = {6250DAED-442D-4698-AA97-45026DD90D7A}
	EndGlobalSection
EndGlobal
